
Microsoft Visual Studio Solution File, Format Version 12.00
# Visual Studio 15
VisualStudioVersion = 15.0.28307.779
MinimumVisualStudioVersion = 10.0.40219.1
Project("{FAE04EC0-301F-11D3-BF4B-00C04F79EFBC}") = "Coffee_Shop", "Coffee_Shop\Coffee_Shop.csproj", "{8F898CD4-A2FE-40A6-AC56-8AB7889EFCA0}"
EndProject
Global
	GlobalSection(SolutionConfigurationPlatforms) = preSolution
		Debug|Any CPU = Debug|Any CPU
		Release|Any CPU = Release|Any CPU
	EndGlobalSection
	GlobalSection(ProjectConfigurationPlatforms) = postSolution
		{8F898CD4-A2FE-40A6-AC56-8AB7889EFCA0}.Debug|Any CPU.ActiveCfg = Debug|Any CPU
		{8F898CD4-A2FE-40A6-AC56-8AB7889EFCA0}.Debug|Any CPU.Build.0 = Debug|Any CPU
		{8F898CD4-A2FE-40A6-AC56-8AB7889EFCA0}.Release|Any CPU.ActiveCfg = Release|Any CPU
		{8F898CD4-A2FE-40A6-AC56-8AB7889EFCA0}.Release|Any CPU.Build.0 = Release|Any CPU
	EndGlobalSection
	GlobalSection(SolutionProperties) = preSolution
		HideSolutionNode = FALSE
	EndGlobalSection
	GlobalSection(ExtensibilityGlobals) = postSolution
		SolutionGuid = {690D2C85-C85C-4D08-AB46-EB413128F21E}
	EndGlobalSection
EndGlobal
